
Microsoft Visual Studio Solution File, Format Version 12.00
# Visual Studio Version 16
VisualStudioVersion = 16.0.29519.87
MinimumVisualStudioVersion = 10.0.40219.1
Project("{FAE04EC0-301F-11D3-BF4B-00C04F79EFBC}") = "RegressionTest", "RegressionTest\RegressionTest.csproj", "{CD407B76-4E49-43D8-9113-7866494AECAA}"
EndProject
Global
	GlobalSection(SolutionConfigurationPlatforms) = preSolution
		Debug|Any CPU = Debug|Any CPU
		Release|Any CPU = Release|Any CPU
	EndGlobalSection
	GlobalSection(ProjectConfigurationPlatforms) = postSolution
		{CD407B76-4E49-43D8-9113-7866494AECAA}.Debug|Any CPU.ActiveCfg = Debug|Any CPU
		{CD407B76-4E49-43D8-9113-7866494AECAA}.Debug|Any CPU.Build.0 = Debug|Any CPU
		{CD407B76-4E49-43D8-9113-7866494AECAA}.Release|Any CPU.ActiveCfg = Release|Any CPU
		{CD407B76-4E49-43D8-9113-7866494AECAA}.Release|Any CPU.Build.0 = Release|Any CPU
	EndGlobalSection
	GlobalSection(SolutionProperties) = preSolution
		HideSolutionNode = FALSE
	EndGlobalSection
	GlobalSection(ExtensibilityGlobals) = postSolution
		SolutionGuid = {BA1F063F-1FC0-4C9B-983D-F5EB85590240}
	EndGlobalSection
EndGlobal
